// !$*UTF8*$!
{
	archiveVersion = 1;
	classes = {
	};
	objectVersion = 56;
	objects = {

/* Begin PBXBuildFile section */
		A0B7D9A22C35DF700023147F /* AppDelegate.swift in Sources */ = {isa = PBXBuildFile; fileRef = A0B7D9A12C35DF700023147F /* AppDelegate.swift */; };
		A0B7D9A42C35DF700023147F /* SceneDelegate.swift in Sources */ = {isa = PBXBuildFile; fileRef = A0B7D9A32C35DF700023147F /* SceneDelegate.swift */; };
		A0B7D9AB2C35DF710023147F /* Assets.xcassets in Resources */ = {isa = PBXBuildFile; fileRef = A0B7D9AA2C35DF710023147F /* Assets.xcassets */; };
		A0B7D9AE2C35DF710023147F /* LaunchScreen.storyboard in Resources */ = {isa = PBXBuildFile; fileRef = A0B7D9AC2C35DF710023147F /* LaunchScreen.storyboard */; };
		A0B7D9B92C35DF710023147F /* Lightning_StudyTests.swift in Sources */ = {isa = PBXBuildFile; fileRef = A0B7D9B82C35DF710023147F /* Lightning_StudyTests.swift */; };
		A0B7D9C32C35DF710023147F /* Lightning_StudyUITests.swift in Sources */ = {isa = PBXBuildFile; fileRef = A0B7D9C22C35DF710023147F /* Lightning_StudyUITests.swift */; };
		A0B7D9C52C35DF710023147F /* Lightning_StudyUITestsLaunchTests.swift in Sources */ = {isa = PBXBuildFile; fileRef = A0B7D9C42C35DF710023147F /* Lightning_StudyUITestsLaunchTests.swift */; };
		A0B7D9DC2C35E27B0023147F /* TableView.swift in Sources */ = {isa = PBXBuildFile; fileRef = A0B7D9D82C35E27B0023147F /* TableView.swift */; };
		A0B7D9DD2C35E27B0023147F /* TableViewRow.swift in Sources */ = {isa = PBXBuildFile; fileRef = A0B7D9D92C35E27B0023147F /* TableViewRow.swift */; };
		A0B7D9DE2C35E27B0023147F /* TableViewSection.swift in Sources */ = {isa = PBXBuildFile; fileRef = A0B7D9DB2C35E27B0023147F /* TableViewSection.swift */; };
		A0B7D9E72C35E2AE0023147F /* Tappable.swift in Sources */ = {isa = PBXBuildFile; fileRef = A0B7D9E02C35E2AE0023147F /* Tappable.swift */; };
		A0B7D9E82C35E2AE0023147F /* Configurable.swift in Sources */ = {isa = PBXBuildFile; fileRef = A0B7D9E12C35E2AE0023147F /* Configurable.swift */; };
		A0B7D9E92C35E2AE0023147F /* Reusable.swift in Sources */ = {isa = PBXBuildFile; fileRef = A0B7D9E22C35E2AE0023147F /* Reusable.swift */; };
		A0B7D9EC2C35E2AE0023147F /* CellProvider.swift in Sources */ = {isa = PBXBuildFile; fileRef = A0B7D9E52C35E2AE0023147F /* CellProvider.swift */; };
		A0B7D9F32C35E31B0023147F /* UIView+Extensions.swift in Sources */ = {isa = PBXBuildFile; fileRef = A0B7D9EF2C35E31B0023147F /* UIView+Extensions.swift */; };
		A0B7D9F42C35E31B0023147F /* UITableView+Extensions.swift in Sources */ = {isa = PBXBuildFile; fileRef = A0B7D9F02C35E31B0023147F /* UITableView+Extensions.swift */; };
		A0B7D9F52C35E31B0023147F /* UITableViewCell+Extensions.swift in Sources */ = {isa = PBXBuildFile; fileRef = A0B7D9F12C35E31B0023147F /* UITableViewCell+Extensions.swift */; };
		A0B7D9F62C35E31B0023147F /* UITableViewHeaderFooterView+Extensions.swift in Sources */ = {isa = PBXBuildFile; fileRef = A0B7D9F22C35E31B0023147F /* UITableViewHeaderFooterView+Extensions.swift */; };
		A0B7D9F92C35E3A10023147F /* ViewConfigurable.swift in Sources */ = {isa = PBXBuildFile; fileRef = A0B7D9F82C35E3A10023147F /* ViewConfigurable.swift */; };
		A0B7D9FB2C35E3F20023147F /* ViewRepresentable.swift in Sources */ = {isa = PBXBuildFile; fileRef = A0B7D9FA2C35E3F20023147F /* ViewRepresentable.swift */; };
		A0B7DA1C2C35E4D50023147F /* UIView+Border.swift in Sources */ = {isa = PBXBuildFile; fileRef = A0B7D9FE2C35E4D50023147F /* UIView+Border.swift */; };
		A0B7DA1D2C35E4D50023147F /* Border.swift in Sources */ = {isa = PBXBuildFile; fileRef = A0B7D9FF2C35E4D50023147F /* Border.swift */; };
		A0B7DA1E2C35E4D50023147F /* UIView+Color.swift in Sources */ = {isa = PBXBuildFile; fileRef = A0B7DA012C35E4D50023147F /* UIView+Color.swift */; };
		A0B7DA202C35E4D50023147F /* CALayer+Color.swift in Sources */ = {isa = PBXBuildFile; fileRef = A0B7DA032C35E4D50023147F /* CALayer+Color.swift */; };
		A0B7DA212C35E4D50023147F /* UITextView+Color.swift in Sources */ = {isa = PBXBuildFile; fileRef = A0B7DA042C35E4D50023147F /* UITextView+Color.swift */; };
		A0B7DA222C35E4D50023147F /* UIColor+Hexadecimal.swift in Sources */ = {isa = PBXBuildFile; fileRef = A0B7DA052C35E4D50023147F /* UIColor+Hexadecimal.swift */; };
		A0B7DA232C35E4D50023147F /* Color+Equatable.swift in Sources */ = {isa = PBXBuildFile; fileRef = A0B7DA062C35E4D50023147F /* Color+Equatable.swift */; };
		A0B7DA242C35E4D50023147F /* Color.swift in Sources */ = {isa = PBXBuildFile; fileRef = A0B7DA072C35E4D50023147F /* Color.swift */; };
		A0B7DA252C35E4D50023147F /* UILabel+Color.swift in Sources */ = {isa = PBXBuildFile; fileRef = A0B7DA082C35E4D50023147F /* UILabel+Color.swift */; };
		A0B7DA262C35E4D50023147F /* Radius.swift in Sources */ = {isa = PBXBuildFile; fileRef = A0B7DA0A2C35E4D50023147F /* Radius.swift */; };
		A0B7DA272C35E4D50023147F /* UIView+Radius.swift in Sources */ = {isa = PBXBuildFile; fileRef = A0B7DA0B2C35E4D50023147F /* UIView+Radius.swift */; };
		A0B7DA282C35E4D50023147F /* Opacity.swift in Sources */ = {isa = PBXBuildFile; fileRef = A0B7DA0D2C35E4D50023147F /* Opacity.swift */; };
		A0B7DA292C35E4D50023147F /* UIView+Opacity.swift in Sources */ = {isa = PBXBuildFile; fileRef = A0B7DA0E2C35E4D50023147F /* UIView+Opacity.swift */; };
		A0B7DA342C35E6460023147F /* UIApplication+Extensions.swift in Sources */ = {isa = PBXBuildFile; fileRef = A0B7DA332C35E6460023147F /* UIApplication+Extensions.swift */; };
		A0B7DA362C35E75E0023147F /* ViewController.swift in Sources */ = {isa = PBXBuildFile; fileRef = A0B7DA352C35E75E0023147F /* ViewController.swift */; };
		A0B7DA3C2C35E7A10023147F /* ListCoordinator.swift in Sources */ = {isa = PBXBuildFile; fileRef = A0B7DA382C35E7A10023147F /* ListCoordinator.swift */; };
		A0B7DA3D2C35E7A10023147F /* ListViewController.swift in Sources */ = {isa = PBXBuildFile; fileRef = A0B7DA392C35E7A10023147F /* ListViewController.swift */; };
		A0B7DA3E2C35E7A10023147F /* ListViewModel.swift in Sources */ = {isa = PBXBuildFile; fileRef = A0B7DA3A2C35E7A10023147F /* ListViewModel.swift */; };
		A0B7DA3F2C35E7A10023147F /* ListService.swift in Sources */ = {isa = PBXBuildFile; fileRef = A0B7DA3B2C35E7A10023147F /* ListService.swift */; };
		A0B7DA502C35E7EF0023147F /* URLSessionDataTeskProtocol.swift in Sources */ = {isa = PBXBuildFile; fileRef = A0B7DA422C35E7EF0023147F /* URLSessionDataTeskProtocol.swift */; };
		A0B7DA512C35E7EF0023147F /* URLSessionProtocol.swift in Sources */ = {isa = PBXBuildFile; fileRef = A0B7DA432C35E7EF0023147F /* URLSessionProtocol.swift */; };
		A0B7DA522C35E7EF0023147F /* NativeRequestType.swift in Sources */ = {isa = PBXBuildFile; fileRef = A0B7DA442C35E7EF0023147F /* NativeRequestType.swift */; };
		A0B7DA532C35E7EF0023147F /* HTTPProtocol.swift in Sources */ = {isa = PBXBuildFile; fileRef = A0B7DA452C35E7EF0023147F /* HTTPProtocol.swift */; };
		A0B7DA542C35E7EF0023147F /* ResponseResult.swift in Sources */ = {isa = PBXBuildFile; fileRef = A0B7DA472C35E7EF0023147F /* ResponseResult.swift */; };
		A0B7DA552C35E7EF0023147F /* HeaderBuilder.swift in Sources */ = {isa = PBXBuildFile; fileRef = A0B7DA482C35E7EF0023147F /* HeaderBuilder.swift */; };
		A0B7DA562C35E7EF0023147F /* RequestBuilder.swift in Sources */ = {isa = PBXBuildFile; fileRef = A0B7DA492C35E7EF0023147F /* RequestBuilder.swift */; };
		A0B7DA572C35E7EF0023147F /* HTTPMethod.swift in Sources */ = {isa = PBXBuildFile; fileRef = A0B7DA4A2C35E7EF0023147F /* HTTPMethod.swift */; };
		A0B7DA582C35E7EF0023147F /* ErrorResponseBuilder.swift in Sources */ = {isa = PBXBuildFile; fileRef = A0B7DA4B2C35E7EF0023147F /* ErrorResponseBuilder.swift */; };
		A0B7DA592C35E7EF0023147F /* HTTPError.swift in Sources */ = {isa = PBXBuildFile; fileRef = A0B7DA4C2C35E7EF0023147F /* HTTPError.swift */; };
		A0B7DA5A2C35E7EF0023147F /* ConnectionCheck.swift in Sources */ = {isa = PBXBuildFile; fileRef = A0B7DA4D2C35E7EF0023147F /* ConnectionCheck.swift */; };
		A0B7DA5B2C35E7EF0023147F /* HTTPDecodeBuilder.swift in Sources */ = {isa = PBXBuildFile; fileRef = A0B7DA4E2C35E7EF0023147F /* HTTPDecodeBuilder.swift */; };
		A0B7DA5C2C35E7EF0023147F /* HTTP.swift in Sources */ = {isa = PBXBuildFile; fileRef = A0B7DA4F2C35E7EF0023147F /* HTTP.swift */; };
		A0B7DA5F2C35EE070023147F /* ListCell.swift in Sources */ = {isa = PBXBuildFile; fileRef = A0B7DA5E2C35EE070023147F /* ListCell.swift */; };
		A0B7DA622C35EEA90023147F /* Text.swift in Sources */ = {isa = PBXBuildFile; fileRef = A0B7DA612C35EEA90023147F /* Text.swift */; };
		A0B7DA6C2C35EF230023147F /* FontConvertible.swift in Sources */ = {isa = PBXBuildFile; fileRef = A0B7DA642C35EF230023147F /* FontConvertible.swift */; };
		A0B7DA6D2C35EF230023147F /* FontStyle.swift in Sources */ = {isa = PBXBuildFile; fileRef = A0B7DA662C35EF230023147F /* FontStyle.swift */; };
		A0B7DA6E2C35EF230023147F /* MediumStyle.swift in Sources */ = {isa = PBXBuildFile; fileRef = A0B7DA672C35EF230023147F /* MediumStyle.swift */; };
		A0B7DA6F2C35EF230023147F /* UnderlinedStyle.swift in Sources */ = {isa = PBXBuildFile; fileRef = A0B7DA682C35EF230023147F /* UnderlinedStyle.swift */; };
		A0B7DA702C35EF230023147F /* BoldedStyle.swift in Sources */ = {isa = PBXBuildFile; fileRef = A0B7DA692C35EF230023147F /* BoldedStyle.swift */; };
		A0B7DA712C35EF230023147F /* UILabel+Extensions.swift in Sources */ = {isa = PBXBuildFile; fileRef = A0B7DA6A2C35EF230023147F /* UILabel+Extensions.swift */; };
		A0B7DA722C35EF230023147F /* Font.swift in Sources */ = {isa = PBXBuildFile; fileRef = A0B7DA6B2C35EF230023147F /* Font.swift */; };
		A0B7DA812C35EF540023147F /* Roboto-Medium.ttf in Resources */ = {isa = PBXBuildFile; fileRef = A0B7DA752C35EF540023147F /* Roboto-Medium.ttf */; };
		A0B7DA822C35EF540023147F /* Roboto-Light.ttf in Resources */ = {isa = PBXBuildFile; fileRef = A0B7DA762C35EF540023147F /* Roboto-Light.ttf */; };
		A0B7DA832C35EF540023147F /* Roboto-Regular.ttf in Resources */ = {isa = PBXBuildFile; fileRef = A0B7DA772C35EF540023147F /* Roboto-Regular.ttf */; };
		A0B7DA842C35EF540023147F /* Roboto-MediumItalic.ttf in Resources */ = {isa = PBXBuildFile; fileRef = A0B7DA782C35EF540023147F /* Roboto-MediumItalic.ttf */; };
		A0B7DA852C35EF540023147F /* Roboto-ThinItalic.ttf in Resources */ = {isa = PBXBuildFile; fileRef = A0B7DA792C35EF540023147F /* Roboto-ThinItalic.ttf */; };
		A0B7DA862C35EF540023147F /* Roboto-BoldItalic.ttf in Resources */ = {isa = PBXBuildFile; fileRef = A0B7DA7A2C35EF540023147F /* Roboto-BoldItalic.ttf */; };
		A0B7DA872C35EF540023147F /* Roboto-LightItalic.ttf in Resources */ = {isa = PBXBuildFile; fileRef = A0B7DA7B2C35EF540023147F /* Roboto-LightItalic.ttf */; };
		A0B7DA882C35EF540023147F /* Roboto-Italic.ttf in Resources */ = {isa = PBXBuildFile; fileRef = A0B7DA7C2C35EF540023147F /* Roboto-Italic.ttf */; };
		A0B7DA892C35EF540023147F /* Roboto-BlackItalic.ttf in Resources */ = {isa = PBXBuildFile; fileRef = A0B7DA7D2C35EF540023147F /* Roboto-BlackItalic.ttf */; };
		A0B7DA8A2C35EF540023147F /* Roboto-Bold.ttf in Resources */ = {isa = PBXBuildFile; fileRef = A0B7DA7E2C35EF540023147F /* Roboto-Bold.ttf */; };
		A0B7DA8B2C35EF540023147F /* Roboto-Thin.ttf in Resources */ = {isa = PBXBuildFile; fileRef = A0B7DA7F2C35EF540023147F /* Roboto-Thin.ttf */; };
		A0B7DA8C2C35EF540023147F /* Roboto-Black.ttf in Resources */ = {isa = PBXBuildFile; fileRef = A0B7DA802C35EF540023147F /* Roboto-Black.ttf */; };
		A0B7DA8F2C35F0CC0023147F /* BundleToken.swift in Sources */ = {isa = PBXBuildFile; fileRef = A0B7DA8E2C35F0CC0023147F /* BundleToken.swift */; };
		A0B7DA922C35F2F80023147F /* NodesModel.swift in Sources */ = {isa = PBXBuildFile; fileRef = A0B7DA912C35F2F80023147F /* NodesModel.swift */; };
/* End PBXBuildFile section */

/* Begin PBXContainerItemProxy section */
		A0B7D9B52C35DF710023147F /* PBXContainerItemProxy */ = {
			isa = PBXContainerItemProxy;
			containerPortal = A0B7D9962C35DF700023147F /* Project object */;
			proxyType = 1;
			remoteGlobalIDString = A0B7D99D2C35DF700023147F;
			remoteInfo = "Lightning Study";
		};
		A0B7D9BF2C35DF710023147F /* PBXContainerItemProxy */ = {
			isa = PBXContainerItemProxy;
			containerPortal = A0B7D9962C35DF700023147F /* Project object */;
			proxyType = 1;
			remoteGlobalIDString = A0B7D99D2C35DF700023147F;
			remoteInfo = "Lightning Study";
		};
/* End PBXContainerItemProxy section */

/* Begin PBXFileReference section */
		A0B7D99E2C35DF700023147F /* Lightning Study.app */ = {isa = PBXFileReference; explicitFileType = wrapper.application; includeInIndex = 0; path = "Lightning Study.app"; sourceTree = BUILT_PRODUCTS_DIR; };
		A0B7D9A12C35DF700023147F /* AppDelegate.swift */ = {isa = PBXFileReference; lastKnownFileType = sourcecode.swift; path = AppDelegate.swift; sourceTree = "<group>"; };
		A0B7D9A32C35DF700023147F /* SceneDelegate.swift */ = {isa = PBXFileReference; lastKnownFileType = sourcecode.swift; path = SceneDelegate.swift; sourceTree = "<group>"; };
		A0B7D9AA2C35DF710023147F /* Assets.xcassets */ = {isa = PBXFileReference; lastKnownFileType = folder.assetcatalog; path = Assets.xcassets; sourceTree = "<group>"; };
		A0B7D9AD2C35DF710023147F /* Base */ = {isa = PBXFileReference; lastKnownFileType = file.storyboard; name = Base; path = Base.lproj/LaunchScreen.storyboard; sourceTree = "<group>"; };
		A0B7D9AF2C35DF710023147F /* Info.plist */ = {isa = PBXFileReference; lastKnownFileType = text.plist.xml; path = Info.plist; sourceTree = "<group>"; };
		A0B7D9B42C35DF710023147F /* Lightning StudyTests.xctest */ = {isa = PBXFileReference; explicitFileType = wrapper.cfbundle; includeInIndex = 0; path = "Lightning StudyTests.xctest"; sourceTree = BUILT_PRODUCTS_DIR; };
		A0B7D9B82C35DF710023147F /* Lightning_StudyTests.swift */ = {isa = PBXFileReference; lastKnownFileType = sourcecode.swift; path = Lightning_StudyTests.swift; sourceTree = "<group>"; };
		A0B7D9BE2C35DF710023147F /* Lightning StudyUITests.xctest */ = {isa = PBXFileReference; explicitFileType = wrapper.cfbundle; includeInIndex = 0; path = "Lightning StudyUITests.xctest"; sourceTree = BUILT_PRODUCTS_DIR; };
		A0B7D9C22C35DF710023147F /* Lightning_StudyUITests.swift */ = {isa = PBXFileReference; lastKnownFileType = sourcecode.swift; path = Lightning_StudyUITests.swift; sourceTree = "<group>"; };
		A0B7D9C42C35DF710023147F /* Lightning_StudyUITestsLaunchTests.swift */ = {isa = PBXFileReference; lastKnownFileType = sourcecode.swift; path = Lightning_StudyUITestsLaunchTests.swift; sourceTree = "<group>"; };
		A0B7D9D82C35E27B0023147F /* TableView.swift */ = {isa = PBXFileReference; fileEncoding = 4; lastKnownFileType = sourcecode.swift; path = TableView.swift; sourceTree = "<group>"; };
		A0B7D9D92C35E27B0023147F /* TableViewRow.swift */ = {isa = PBXFileReference; fileEncoding = 4; lastKnownFileType = sourcecode.swift; path = TableViewRow.swift; sourceTree = "<group>"; };
		A0B7D9DB2C35E27B0023147F /* TableViewSection.swift */ = {isa = PBXFileReference; fileEncoding = 4; lastKnownFileType = sourcecode.swift; path = TableViewSection.swift; sourceTree = "<group>"; };
		A0B7D9E02C35E2AE0023147F /* Tappable.swift */ = {isa = PBXFileReference; fileEncoding = 4; lastKnownFileType = sourcecode.swift; path = Tappable.swift; sourceTree = "<group>"; };
		A0B7D9E12C35E2AE0023147F /* Configurable.swift */ = {isa = PBXFileReference; fileEncoding = 4; lastKnownFileType = sourcecode.swift; path = Configurable.swift; sourceTree = "<group>"; };
		A0B7D9E22C35E2AE0023147F /* Reusable.swift */ = {isa = PBXFileReference; fileEncoding = 4; lastKnownFileType = sourcecode.swift; path = Reusable.swift; sourceTree = "<group>"; };
		A0B7D9E52C35E2AE0023147F /* CellProvider.swift */ = {isa = PBXFileReference; fileEncoding = 4; lastKnownFileType = sourcecode.swift; path = CellProvider.swift; sourceTree = "<group>"; };
		A0B7D9EF2C35E31B0023147F /* UIView+Extensions.swift */ = {isa = PBXFileReference; fileEncoding = 4; lastKnownFileType = sourcecode.swift; path = "UIView+Extensions.swift"; sourceTree = "<group>"; };
		A0B7D9F02C35E31B0023147F /* UITableView+Extensions.swift */ = {isa = PBXFileReference; fileEncoding = 4; lastKnownFileType = sourcecode.swift; path = "UITableView+Extensions.swift"; sourceTree = "<group>"; };
		A0B7D9F12C35E31B0023147F /* UITableViewCell+Extensions.swift */ = {isa = PBXFileReference; fileEncoding = 4; lastKnownFileType = sourcecode.swift; path = "UITableViewCell+Extensions.swift"; sourceTree = "<group>"; };
		A0B7D9F22C35E31B0023147F /* UITableViewHeaderFooterView+Extensions.swift */ = {isa = PBXFileReference; fileEncoding = 4; lastKnownFileType = sourcecode.swift; path = "UITableViewHeaderFooterView+Extensions.swift"; sourceTree = "<group>"; };
		A0B7D9F82C35E3A10023147F /* ViewConfigurable.swift */ = {isa = PBXFileReference; fileEncoding = 4; lastKnownFileType = sourcecode.swift; path = ViewConfigurable.swift; sourceTree = "<group>"; };
		A0B7D9FA2C35E3F20023147F /* ViewRepresentable.swift */ = {isa = PBXFileReference; fileEncoding = 4; lastKnownFileType = sourcecode.swift; path = ViewRepresentable.swift; sourceTree = "<group>"; };
		A0B7D9FE2C35E4D50023147F /* UIView+Border.swift */ = {isa = PBXFileReference; fileEncoding = 4; lastKnownFileType = sourcecode.swift; path = "UIView+Border.swift"; sourceTree = "<group>"; };
		A0B7D9FF2C35E4D50023147F /* Border.swift */ = {isa = PBXFileReference; fileEncoding = 4; lastKnownFileType = sourcecode.swift; path = Border.swift; sourceTree = "<group>"; };
		A0B7DA012C35E4D50023147F /* UIView+Color.swift */ = {isa = PBXFileReference; fileEncoding = 4; lastKnownFileType = sourcecode.swift; path = "UIView+Color.swift"; sourceTree = "<group>"; };
		A0B7DA032C35E4D50023147F /* CALayer+Color.swift */ = {isa = PBXFileReference; fileEncoding = 4; lastKnownFileType = sourcecode.swift; path = "CALayer+Color.swift"; sourceTree = "<group>"; };
		A0B7DA042C35E4D50023147F /* UITextView+Color.swift */ = {isa = PBXFileReference; fileEncoding = 4; lastKnownFileType = sourcecode.swift; path = "UITextView+Color.swift"; sourceTree = "<group>"; };
		A0B7DA052C35E4D50023147F /* UIColor+Hexadecimal.swift */ = {isa = PBXFileReference; fileEncoding = 4; lastKnownFileType = sourcecode.swift; path = "UIColor+Hexadecimal.swift"; sourceTree = "<group>"; };
		A0B7DA062C35E4D50023147F /* Color+Equatable.swift */ = {isa = PBXFileReference; fileEncoding = 4; lastKnownFileType = sourcecode.swift; path = "Color+Equatable.swift"; sourceTree = "<group>"; };
		A0B7DA072C35E4D50023147F /* Color.swift */ = {isa = PBXFileReference; fileEncoding = 4; lastKnownFileType = sourcecode.swift; path = Color.swift; sourceTree = "<group>"; };
		A0B7DA082C35E4D50023147F /* UILabel+Color.swift */ = {isa = PBXFileReference; fileEncoding = 4; lastKnownFileType = sourcecode.swift; path = "UILabel+Color.swift"; sourceTree = "<group>"; };
		A0B7DA0A2C35E4D50023147F /* Radius.swift */ = {isa = PBXFileReference; fileEncoding = 4; lastKnownFileType = sourcecode.swift; path = Radius.swift; sourceTree = "<group>"; };
		A0B7DA0B2C35E4D50023147F /* UIView+Radius.swift */ = {isa = PBXFileReference; fileEncoding = 4; lastKnownFileType = sourcecode.swift; path = "UIView+Radius.swift"; sourceTree = "<group>"; };
		A0B7DA0D2C35E4D50023147F /* Opacity.swift */ = {isa = PBXFileReference; fileEncoding = 4; lastKnownFileType = sourcecode.swift; path = Opacity.swift; sourceTree = "<group>"; };
		A0B7DA0E2C35E4D50023147F /* UIView+Opacity.swift */ = {isa = PBXFileReference; fileEncoding = 4; lastKnownFileType = sourcecode.swift; path = "UIView+Opacity.swift"; sourceTree = "<group>"; };
		A0B7DA332C35E6460023147F /* UIApplication+Extensions.swift */ = {isa = PBXFileReference; lastKnownFileType = sourcecode.swift; path = "UIApplication+Extensions.swift"; sourceTree = "<group>"; };
		A0B7DA352C35E75E0023147F /* ViewController.swift */ = {isa = PBXFileReference; fileEncoding = 4; lastKnownFileType = sourcecode.swift; path = ViewController.swift; sourceTree = "<group>"; };
		A0B7DA382C35E7A10023147F /* ListCoordinator.swift */ = {isa = PBXFileReference; lastKnownFileType = sourcecode.swift; path = ListCoordinator.swift; sourceTree = "<group>"; };
		A0B7DA392C35E7A10023147F /* ListViewController.swift */ = {isa = PBXFileReference; lastKnownFileType = sourcecode.swift; path = ListViewController.swift; sourceTree = "<group>"; };
		A0B7DA3A2C35E7A10023147F /* ListViewModel.swift */ = {isa = PBXFileReference; lastKnownFileType = sourcecode.swift; path = ListViewModel.swift; sourceTree = "<group>"; };
		A0B7DA3B2C35E7A10023147F /* ListService.swift */ = {isa = PBXFileReference; lastKnownFileType = sourcecode.swift; path = ListService.swift; sourceTree = "<group>"; };
		A0B7DA422C35E7EF0023147F /* URLSessionDataTeskProtocol.swift */ = {isa = PBXFileReference; fileEncoding = 4; lastKnownFileType = sourcecode.swift; path = URLSessionDataTeskProtocol.swift; sourceTree = "<group>"; };
		A0B7DA432C35E7EF0023147F /* URLSessionProtocol.swift */ = {isa = PBXFileReference; fileEncoding = 4; lastKnownFileType = sourcecode.swift; path = URLSessionProtocol.swift; sourceTree = "<group>"; };
		A0B7DA442C35E7EF0023147F /* NativeRequestType.swift */ = {isa = PBXFileReference; fileEncoding = 4; lastKnownFileType = sourcecode.swift; path = NativeRequestType.swift; sourceTree = "<group>"; };
		A0B7DA452C35E7EF0023147F /* HTTPProtocol.swift */ = {isa = PBXFileReference; fileEncoding = 4; lastKnownFileType = sourcecode.swift; path = HTTPProtocol.swift; sourceTree = "<group>"; };
		A0B7DA472C35E7EF0023147F /* ResponseResult.swift */ = {isa = PBXFileReference; fileEncoding = 4; lastKnownFileType = sourcecode.swift; path = ResponseResult.swift; sourceTree = "<group>"; };
		A0B7DA482C35E7EF0023147F /* HeaderBuilder.swift */ = {isa = PBXFileReference; fileEncoding = 4; lastKnownFileType = sourcecode.swift; path = HeaderBuilder.swift; sourceTree = "<group>"; };
		A0B7DA492C35E7EF0023147F /* RequestBuilder.swift */ = {isa = PBXFileReference; fileEncoding = 4; lastKnownFileType = sourcecode.swift; path = RequestBuilder.swift; sourceTree = "<group>"; };
		A0B7DA4A2C35E7EF0023147F /* HTTPMethod.swift */ = {isa = PBXFileReference; fileEncoding = 4; lastKnownFileType = sourcecode.swift; path = HTTPMethod.swift; sourceTree = "<group>"; };
		A0B7DA4B2C35E7EF0023147F /* ErrorResponseBuilder.swift */ = {isa = PBXFileReference; fileEncoding = 4; lastKnownFileType = sourcecode.swift; path = ErrorResponseBuilder.swift; sourceTree = "<group>"; };
		A0B7DA4C2C35E7EF0023147F /* HTTPError.swift */ = {isa = PBXFileReference; fileEncoding = 4; lastKnownFileType = sourcecode.swift; path = HTTPError.swift; sourceTree = "<group>"; };
		A0B7DA4D2C35E7EF0023147F /* ConnectionCheck.swift */ = {isa = PBXFileReference; fileEncoding = 4; lastKnownFileType = sourcecode.swift; path = ConnectionCheck.swift; sourceTree = "<group>"; };
		A0B7DA4E2C35E7EF0023147F /* HTTPDecodeBuilder.swift */ = {isa = PBXFileReference; fileEncoding = 4; lastKnownFileType = sourcecode.swift; path = HTTPDecodeBuilder.swift; sourceTree = "<group>"; };
		A0B7DA4F2C35E7EF0023147F /* HTTP.swift */ = {isa = PBXFileReference; fileEncoding = 4; lastKnownFileType = sourcecode.swift; path = HTTP.swift; sourceTree = "<group>"; };
		A0B7DA5E2C35EE070023147F /* ListCell.swift */ = {isa = PBXFileReference; lastKnownFileType = sourcecode.swift; path = ListCell.swift; sourceTree = "<group>"; };
		A0B7DA612C35EEA90023147F /* Text.swift */ = {isa = PBXFileReference; fileEncoding = 4; lastKnownFileType = sourcecode.swift; path = Text.swift; sourceTree = "<group>"; };
		A0B7DA642C35EF230023147F /* FontConvertible.swift */ = {isa = PBXFileReference; fileEncoding = 4; lastKnownFileType = sourcecode.swift; path = FontConvertible.swift; sourceTree = "<group>"; };
		A0B7DA662C35EF230023147F /* FontStyle.swift */ = {isa = PBXFileReference; fileEncoding = 4; lastKnownFileType = sourcecode.swift; path = FontStyle.swift; sourceTree = "<group>"; };
		A0B7DA672C35EF230023147F /* MediumStyle.swift */ = {isa = PBXFileReference; fileEncoding = 4; lastKnownFileType = sourcecode.swift; path = MediumStyle.swift; sourceTree = "<group>"; };
		A0B7DA682C35EF230023147F /* UnderlinedStyle.swift */ = {isa = PBXFileReference; fileEncoding = 4; lastKnownFileType = sourcecode.swift; path = UnderlinedStyle.swift; sourceTree = "<group>"; };
		A0B7DA692C35EF230023147F /* BoldedStyle.swift */ = {isa = PBXFileReference; fileEncoding = 4; lastKnownFileType = sourcecode.swift; path = BoldedStyle.swift; sourceTree = "<group>"; };
		A0B7DA6A2C35EF230023147F /* UILabel+Extensions.swift */ = {isa = PBXFileReference; fileEncoding = 4; lastKnownFileType = sourcecode.swift; path = "UILabel+Extensions.swift"; sourceTree = "<group>"; };
		A0B7DA6B2C35EF230023147F /* Font.swift */ = {isa = PBXFileReference; fileEncoding = 4; lastKnownFileType = sourcecode.swift; path = Font.swift; sourceTree = "<group>"; };
		A0B7DA752C35EF540023147F /* Roboto-Medium.ttf */ = {isa = PBXFileReference; lastKnownFileType = file; path = "Roboto-Medium.ttf"; sourceTree = "<group>"; };
		A0B7DA762C35EF540023147F /* Roboto-Light.ttf */ = {isa = PBXFileReference; lastKnownFileType = file; path = "Roboto-Light.ttf"; sourceTree = "<group>"; };
		A0B7DA772C35EF540023147F /* Roboto-Regular.ttf */ = {isa = PBXFileReference; lastKnownFileType = file; path = "Roboto-Regular.ttf"; sourceTree = "<group>"; };
		A0B7DA782C35EF540023147F /* Roboto-MediumItalic.ttf */ = {isa = PBXFileReference; lastKnownFileType = file; path = "Roboto-MediumItalic.ttf"; sourceTree = "<group>"; };
		A0B7DA792C35EF540023147F /* Roboto-ThinItalic.ttf */ = {isa = PBXFileReference; lastKnownFileType = file; path = "Roboto-ThinItalic.ttf"; sourceTree = "<group>"; };
		A0B7DA7A2C35EF540023147F /* Roboto-BoldItalic.ttf */ = {isa = PBXFileReference; lastKnownFileType = file; path = "Roboto-BoldItalic.ttf"; sourceTree = "<group>"; };
		A0B7DA7B2C35EF540023147F /* Roboto-LightItalic.ttf */ = {isa = PBXFileReference; lastKnownFileType = file; path = "Roboto-LightItalic.ttf"; sourceTree = "<group>"; };
		A0B7DA7C2C35EF540023147F /* Roboto-Italic.ttf */ = {isa = PBXFileReference; lastKnownFileType = file; path = "Roboto-Italic.ttf"; sourceTree = "<group>"; };
		A0B7DA7D2C35EF540023147F /* Roboto-BlackItalic.ttf */ = {isa = PBXFileReference; lastKnownFileType = file; path = "Roboto-BlackItalic.ttf"; sourceTree = "<group>"; };
		A0B7DA7E2C35EF540023147F /* Roboto-Bold.ttf */ = {isa = PBXFileReference; lastKnownFileType = file; path = "Roboto-Bold.ttf"; sourceTree = "<group>"; };
		A0B7DA7F2C35EF540023147F /* Roboto-Thin.ttf */ = {isa = PBXFileReference; lastKnownFileType = file; path = "Roboto-Thin.ttf"; sourceTree = "<group>"; };
		A0B7DA802C35EF540023147F /* Roboto-Black.ttf */ = {isa = PBXFileReference; lastKnownFileType = file; path = "Roboto-Black.ttf"; sourceTree = "<group>"; };
		A0B7DA8E2C35F0CC0023147F /* BundleToken.swift */ = {isa = PBXFileReference; lastKnownFileType = sourcecode.swift; path = BundleToken.swift; sourceTree = "<group>"; };
		A0B7DA912C35F2F80023147F /* NodesModel.swift */ = {isa = PBXFileReference; lastKnownFileType = sourcecode.swift; path = NodesModel.swift; sourceTree = "<group>"; };
/* End PBXFileReference section */

/* Begin PBXFrameworksBuildPhase section */
		A0B7D99B2C35DF700023147F /* Frameworks */ = {
			isa = PBXFrameworksBuildPhase;
			buildActionMask = 2147483647;
			files = (
			);
			runOnlyForDeploymentPostprocessing = 0;
		};
		A0B7D9B12C35DF710023147F /* Frameworks */ = {
			isa = PBXFrameworksBuildPhase;
			buildActionMask = 2147483647;
			files = (
			);
			runOnlyForDeploymentPostprocessing = 0;
		};
		A0B7D9BB2C35DF710023147F /* Frameworks */ = {
			isa = PBXFrameworksBuildPhase;
			buildActionMask = 2147483647;
			files = (
			);
			runOnlyForDeploymentPostprocessing = 0;
		};
/* End PBXFrameworksBuildPhase section */

/* Begin PBXGroup section */
		A0B7D9952C35DF700023147F = {
			isa = PBXGroup;
			children = (
				A0B7D9A02C35DF700023147F /* Lightning Study */,
				A0B7D9B72C35DF710023147F /* Lightning StudyTests */,
				A0B7D9C12C35DF710023147F /* Lightning StudyUITests */,
				A0B7D99F2C35DF700023147F /* Products */,
			);
			sourceTree = "<group>";
		};
		A0B7D99F2C35DF700023147F /* Products */ = {
			isa = PBXGroup;
			children = (
				A0B7D99E2C35DF700023147F /* Lightning Study.app */,
				A0B7D9B42C35DF710023147F /* Lightning StudyTests.xctest */,
				A0B7D9BE2C35DF710023147F /* Lightning StudyUITests.xctest */,
			);
			name = Products;
			sourceTree = "<group>";
		};
		A0B7D9A02C35DF700023147F /* Lightning Study */ = {
			isa = PBXGroup;
			children = (
				A0B7D9D42C35E00D0023147F /* Commons */,
				A0B7D9D32C35E0080023147F /* Scenes */,
				A0B7D9D22C35E0050023147F /* Sources */,
				A0B7D9D12C35DFFE0023147F /* Resources */,
			);
			path = "Lightning Study";
			sourceTree = "<group>";
		};
		A0B7D9B72C35DF710023147F /* Lightning StudyTests */ = {
			isa = PBXGroup;
			children = (
				A0B7D9B82C35DF710023147F /* Lightning_StudyTests.swift */,
			);
			path = "Lightning StudyTests";
			sourceTree = "<group>";
		};
		A0B7D9C12C35DF710023147F /* Lightning StudyUITests */ = {
			isa = PBXGroup;
			children = (
				A0B7D9C22C35DF710023147F /* Lightning_StudyUITests.swift */,
				A0B7D9C42C35DF710023147F /* Lightning_StudyUITestsLaunchTests.swift */,
			);
			path = "Lightning StudyUITests";
			sourceTree = "<group>";
		};
		A0B7D9D12C35DFFE0023147F /* Resources */ = {
			isa = PBXGroup;
			children = (
				A0B7DA732C35EF540023147F /* Fonts */,
				A0B7D9AA2C35DF710023147F /* Assets.xcassets */,
				A0B7D9AF2C35DF710023147F /* Info.plist */,
				A0B7D9AC2C35DF710023147F /* LaunchScreen.storyboard */,
			);
			path = Resources;
			sourceTree = "<group>";
		};
		A0B7D9D22C35E0050023147F /* Sources */ = {
			isa = PBXGroup;
			children = (
				A0B7D9A12C35DF700023147F /* AppDelegate.swift */,
				A0B7D9A32C35DF700023147F /* SceneDelegate.swift */,
			);
			path = Sources;
			sourceTree = "<group>";
		};
		A0B7D9D32C35E0080023147F /* Scenes */ = {
			isa = PBXGroup;
			children = (
				A0B7DA372C35E78F0023147F /* List */,
			);
			path = Scenes;
			sourceTree = "<group>";
		};
		A0B7D9D42C35E00D0023147F /* Commons */ = {
			isa = PBXGroup;
			children = (
				A0B7D9D52C35E26D0023147F /* Design System */,
				A0B7D9EE2C35E2EE0023147F /* Extensions */,
				A0B7D9F72C35E3980023147F /* Helpers */,
				A0B7DA402C35E7D20023147F /* Network */,
				A0B7D9DF2C35E2AE0023147F /* Protocols */,
			);
			path = Commons;
			sourceTree = "<group>";
		};
		A0B7D9D52C35E26D0023147F /* Design System */ = {
			isa = PBXGroup;
			children = (
				A0B7D9D62C35E27B0023147F /* TableView */,
				A0B7DA602C35EEA90023147F /* Text */,
				A0B7D9FC2C35E4D50023147F /* Tokens */,
			);
			path = "Design System";
			sourceTree = "<group>";
		};
		A0B7D9D62C35E27B0023147F /* TableView */ = {
			isa = PBXGroup;
			children = (
				A0B7D9D72C35E27B0023147F /* Classes */,
				A0B7D9DA2C35E27B0023147F /* Structs */,
			);
			path = TableView;
			sourceTree = "<group>";
		};
		A0B7D9D72C35E27B0023147F /* Classes */ = {
			isa = PBXGroup;
			children = (
				A0B7D9D82C35E27B0023147F /* TableView.swift */,
				A0B7D9D92C35E27B0023147F /* TableViewRow.swift */,
			);
			path = Classes;
			sourceTree = "<group>";
		};
		A0B7D9DA2C35E27B0023147F /* Structs */ = {
			isa = PBXGroup;
			children = (
				A0B7D9DB2C35E27B0023147F /* TableViewSection.swift */,
			);
			path = Structs;
			sourceTree = "<group>";
		};
		A0B7D9DF2C35E2AE0023147F /* Protocols */ = {
			isa = PBXGroup;
			children = (
				A0B7D9E02C35E2AE0023147F /* Tappable.swift */,
				A0B7D9E12C35E2AE0023147F /* Configurable.swift */,
				A0B7D9E22C35E2AE0023147F /* Reusable.swift */,
				A0B7D9E52C35E2AE0023147F /* CellProvider.swift */,
			);
			path = Protocols;
			sourceTree = "<group>";
		};
		A0B7D9EE2C35E2EE0023147F /* Extensions */ = {
			isa = PBXGroup;
			children = (
				A0B7DA332C35E6460023147F /* UIApplication+Extensions.swift */,
				A0B7DA6A2C35EF230023147F /* UILabel+Extensions.swift */,
				A0B7D9F02C35E31B0023147F /* UITableView+Extensions.swift */,
				A0B7D9F12C35E31B0023147F /* UITableViewCell+Extensions.swift */,
				A0B7D9F22C35E31B0023147F /* UITableViewHeaderFooterView+Extensions.swift */,
				A0B7D9EF2C35E31B0023147F /* UIView+Extensions.swift */,
			);
			path = Extensions;
			sourceTree = "<group>";
		};
		A0B7D9F72C35E3980023147F /* Helpers */ = {
			isa = PBXGroup;
			children = (
				A0B7D9F82C35E3A10023147F /* ViewConfigurable.swift */,
				A0B7DA352C35E75E0023147F /* ViewController.swift */,
				A0B7D9FA2C35E3F20023147F /* ViewRepresentable.swift */,
			);
			path = Helpers;
			sourceTree = "<group>";
		};
		A0B7D9FC2C35E4D50023147F /* Tokens */ = {
			isa = PBXGroup;
			children = (
				A0B7D9FD2C35E4D50023147F /* Border */,
				A0B7DA8D2C35F0C40023147F /* Bundle */,
				A0B7DA002C35E4D50023147F /* Color */,
				A0B7DA632C35EF230023147F /* Fonts */,
				A0B7DA092C35E4D50023147F /* Radius */,
				A0B7DA0C2C35E4D50023147F /* Opacity */,
			);
			path = Tokens;
			sourceTree = "<group>";
		};
		A0B7D9FD2C35E4D50023147F /* Border */ = {
			isa = PBXGroup;
			children = (
				A0B7D9FE2C35E4D50023147F /* UIView+Border.swift */,
				A0B7D9FF2C35E4D50023147F /* Border.swift */,
			);
			path = Border;
			sourceTree = "<group>";
		};
		A0B7DA002C35E4D50023147F /* Color */ = {
			isa = PBXGroup;
			children = (
				A0B7DA012C35E4D50023147F /* UIView+Color.swift */,
				A0B7DA032C35E4D50023147F /* CALayer+Color.swift */,
				A0B7DA042C35E4D50023147F /* UITextView+Color.swift */,
				A0B7DA052C35E4D50023147F /* UIColor+Hexadecimal.swift */,
				A0B7DA062C35E4D50023147F /* Color+Equatable.swift */,
				A0B7DA072C35E4D50023147F /* Color.swift */,
				A0B7DA082C35E4D50023147F /* UILabel+Color.swift */,
			);
			path = Color;
			sourceTree = "<group>";
		};
		A0B7DA092C35E4D50023147F /* Radius */ = {
			isa = PBXGroup;
			children = (
				A0B7DA0A2C35E4D50023147F /* Radius.swift */,
				A0B7DA0B2C35E4D50023147F /* UIView+Radius.swift */,
			);
			path = Radius;
			sourceTree = "<group>";
		};
		A0B7DA0C2C35E4D50023147F /* Opacity */ = {
			isa = PBXGroup;
			children = (
				A0B7DA0D2C35E4D50023147F /* Opacity.swift */,
				A0B7DA0E2C35E4D50023147F /* UIView+Opacity.swift */,
			);
			path = Opacity;
			sourceTree = "<group>";
		};
		A0B7DA372C35E78F0023147F /* List */ = {
			isa = PBXGroup;
			children = (
				A0B7DA5D2C35EDF70023147F /* Cell */,
				A0B7DA902C35F2050023147F /* Model */,
				A0B7DA382C35E7A10023147F /* ListCoordinator.swift */,
				A0B7DA392C35E7A10023147F /* ListViewController.swift */,
				A0B7DA3A2C35E7A10023147F /* ListViewModel.swift */,
				A0B7DA3B2C35E7A10023147F /* ListService.swift */,
			);
			path = List;
			sourceTree = "<group>";
		};
		A0B7DA402C35E7D20023147F /* Network */ = {
			isa = PBXGroup;
			children = (
				A0B7DA462C35E7EF0023147F /* Builders */,
				A0B7DA412C35E7EF0023147F /* Protocols */,
				A0B7DA4F2C35E7EF0023147F /* HTTP.swift */,
			);
			path = Network;
			sourceTree = "<group>";
		};
		A0B7DA412C35E7EF0023147F /* Protocols */ = {
			isa = PBXGroup;
			children = (
				A0B7DA422C35E7EF0023147F /* URLSessionDataTeskProtocol.swift */,
				A0B7DA432C35E7EF0023147F /* URLSessionProtocol.swift */,
				A0B7DA442C35E7EF0023147F /* NativeRequestType.swift */,
				A0B7DA452C35E7EF0023147F /* HTTPProtocol.swift */,
			);
			path = Protocols;
			sourceTree = "<group>";
		};
		A0B7DA462C35E7EF0023147F /* Builders */ = {
			isa = PBXGroup;
			children = (
				A0B7DA472C35E7EF0023147F /* ResponseResult.swift */,
				A0B7DA482C35E7EF0023147F /* HeaderBuilder.swift */,
				A0B7DA492C35E7EF0023147F /* RequestBuilder.swift */,
				A0B7DA4A2C35E7EF0023147F /* HTTPMethod.swift */,
				A0B7DA4B2C35E7EF0023147F /* ErrorResponseBuilder.swift */,
				A0B7DA4C2C35E7EF0023147F /* HTTPError.swift */,
				A0B7DA4D2C35E7EF0023147F /* ConnectionCheck.swift */,
				A0B7DA4E2C35E7EF0023147F /* HTTPDecodeBuilder.swift */,
			);
			path = Builders;
			sourceTree = "<group>";
		};
		A0B7DA5D2C35EDF70023147F /* Cell */ = {
			isa = PBXGroup;
			children = (
				A0B7DA5E2C35EE070023147F /* ListCell.swift */,
			);
			path = Cell;
			sourceTree = "<group>";
		};
		A0B7DA602C35EEA90023147F /* Text */ = {
			isa = PBXGroup;
			children = (
				A0B7DA612C35EEA90023147F /* Text.swift */,
			);
			path = Text;
			sourceTree = "<group>";
		};
		A0B7DA632C35EF230023147F /* Fonts */ = {
			isa = PBXGroup;
			children = (
				A0B7DA652C35EF230023147F /* Styles */,
				A0B7DA6B2C35EF230023147F /* Font.swift */,
				A0B7DA642C35EF230023147F /* FontConvertible.swift */,
			);
			path = Fonts;
			sourceTree = "<group>";
		};
		A0B7DA652C35EF230023147F /* Styles */ = {
			isa = PBXGroup;
			children = (
				A0B7DA662C35EF230023147F /* FontStyle.swift */,
				A0B7DA672C35EF230023147F /* MediumStyle.swift */,
				A0B7DA682C35EF230023147F /* UnderlinedStyle.swift */,
				A0B7DA692C35EF230023147F /* BoldedStyle.swift */,
			);
			path = Styles;
			sourceTree = "<group>";
		};
		A0B7DA732C35EF540023147F /* Fonts */ = {
			isa = PBXGroup;
			children = (
				A0B7DA742C35EF540023147F /* Roboto */,
			);
			path = Fonts;
			sourceTree = "<group>";
		};
		A0B7DA742C35EF540023147F /* Roboto */ = {
			isa = PBXGroup;
			children = (
				A0B7DA752C35EF540023147F /* Roboto-Medium.ttf */,
				A0B7DA762C35EF540023147F /* Roboto-Light.ttf */,
				A0B7DA772C35EF540023147F /* Roboto-Regular.ttf */,
				A0B7DA782C35EF540023147F /* Roboto-MediumItalic.ttf */,
				A0B7DA792C35EF540023147F /* Roboto-ThinItalic.ttf */,
				A0B7DA7A2C35EF540023147F /* Roboto-BoldItalic.ttf */,
				A0B7DA7B2C35EF540023147F /* Roboto-LightItalic.ttf */,
				A0B7DA7C2C35EF540023147F /* Roboto-Italic.ttf */,
				A0B7DA7D2C35EF540023147F /* Roboto-BlackItalic.ttf */,
				A0B7DA7E2C35EF540023147F /* Roboto-Bold.ttf */,
				A0B7DA7F2C35EF540023147F /* Roboto-Thin.ttf */,
				A0B7DA802C35EF540023147F /* Roboto-Black.ttf */,
			);
			path = Roboto;
			sourceTree = "<group>";
		};
		A0B7DA8D2C35F0C40023147F /* Bundle */ = {
			isa = PBXGroup;
			children = (
				A0B7DA8E2C35F0CC0023147F /* BundleToken.swift */,
			);
			path = Bundle;
			sourceTree = "<group>";
		};
		A0B7DA902C35F2050023147F /* Model */ = {
			isa = PBXGroup;
			children = (
				A0B7DA912C35F2F80023147F /* NodesModel.swift */,
			);
			path = Model;
			sourceTree = "<group>";
		};
/* End PBXGroup section */

/* Begin PBXNativeTarget section */
		A0B7D99D2C35DF700023147F /* Lightning Study */ = {
			isa = PBXNativeTarget;
			buildConfigurationList = A0B7D9C82C35DF710023147F /* Build configuration list for PBXNativeTarget "Lightning Study" */;
			buildPhases = (
				A0B7D99A2C35DF700023147F /* Sources */,
				A0B7D99B2C35DF700023147F /* Frameworks */,
				A0B7D99C2C35DF700023147F /* Resources */,
			);
			buildRules = (
			);
			dependencies = (
			);
			name = "Lightning Study";
			productName = "Lightning Study";
			productReference = A0B7D99E2C35DF700023147F /* Lightning Study.app */;
			productType = "com.apple.product-type.application";
		};
		A0B7D9B32C35DF710023147F /* Lightning StudyTests */ = {
			isa = PBXNativeTarget;
			buildConfigurationList = A0B7D9CB2C35DF710023147F /* Build configuration list for PBXNativeTarget "Lightning StudyTests" */;
			buildPhases = (
				A0B7D9B02C35DF710023147F /* Sources */,
				A0B7D9B12C35DF710023147F /* Frameworks */,
				A0B7D9B22C35DF710023147F /* Resources */,
			);
			buildRules = (
			);
			dependencies = (
				A0B7D9B62C35DF710023147F /* PBXTargetDependency */,
			);
			name = "Lightning StudyTests";
			productName = "Lightning StudyTests";
			productReference = A0B7D9B42C35DF710023147F /* Lightning StudyTests.xctest */;
			productType = "com.apple.product-type.bundle.unit-test";
		};
		A0B7D9BD2C35DF710023147F /* Lightning StudyUITests */ = {
			isa = PBXNativeTarget;
			buildConfigurationList = A0B7D9CE2C35DF710023147F /* Build configuration list for PBXNativeTarget "Lightning StudyUITests" */;
			buildPhases = (
				A0B7D9BA2C35DF710023147F /* Sources */,
				A0B7D9BB2C35DF710023147F /* Frameworks */,
				A0B7D9BC2C35DF710023147F /* Resources */,
			);
			buildRules = (
			);
			dependencies = (
				A0B7D9C02C35DF710023147F /* PBXTargetDependency */,
			);
			name = "Lightning StudyUITests";
			productName = "Lightning StudyUITests";
			productReference = A0B7D9BE2C35DF710023147F /* Lightning StudyUITests.xctest */;
			productType = "com.apple.product-type.bundle.ui-testing";
		};
/* End PBXNativeTarget section */

/* Begin PBXProject section */
		A0B7D9962C35DF700023147F /* Project object */ = {
			isa = PBXProject;
			attributes = {
				BuildIndependentTargetsInParallel = 1;
				LastSwiftUpdateCheck = 1520;
				LastUpgradeCheck = 1520;
				TargetAttributes = {
					A0B7D99D2C35DF700023147F = {
						CreatedOnToolsVersion = 15.2;
					};
					A0B7D9B32C35DF710023147F = {
						CreatedOnToolsVersion = 15.2;
						TestTargetID = A0B7D99D2C35DF700023147F;
					};
					A0B7D9BD2C35DF710023147F = {
						CreatedOnToolsVersion = 15.2;
						TestTargetID = A0B7D99D2C35DF700023147F;
					};
				};
			};
			buildConfigurationList = A0B7D9992C35DF700023147F /* Build configuration list for PBXProject "Lightning Study" */;
			compatibilityVersion = "Xcode 14.0";
			developmentRegion = en;
			hasScannedForEncodings = 0;
			knownRegions = (
				en,
				Base,
			);
			mainGroup = A0B7D9952C35DF700023147F;
			productRefGroup = A0B7D99F2C35DF700023147F /* Products */;
			projectDirPath = "";
			projectRoot = "";
			targets = (
				A0B7D99D2C35DF700023147F /* Lightning Study */,
				A0B7D9B32C35DF710023147F /* Lightning StudyTests */,
				A0B7D9BD2C35DF710023147F /* Lightning StudyUITests */,
			);
		};
/* End PBXProject section */

/* Begin PBXResourcesBuildPhase section */
		A0B7D99C2C35DF700023147F /* Resources */ = {
			isa = PBXResourcesBuildPhase;
			buildActionMask = 2147483647;
			files = (
				A0B7D9AE2C35DF710023147F /* LaunchScreen.storyboard in Resources */,
				A0B7D9AB2C35DF710023147F /* Assets.xcassets in Resources */,
				A0B7DA8A2C35EF540023147F /* Roboto-Bold.ttf in Resources */,
				A0B7DA862C35EF540023147F /* Roboto-BoldItalic.ttf in Resources */,
				A0B7DA832C35EF540023147F /* Roboto-Regular.ttf in Resources */,
				A0B7DA852C35EF540023147F /* Roboto-ThinItalic.ttf in Resources */,
				A0B7DA872C35EF540023147F /* Roboto-LightItalic.ttf in Resources */,
				A0B7DA892C35EF540023147F /* Roboto-BlackItalic.ttf in Resources */,
				A0B7DA822C35EF540023147F /* Roboto-Light.ttf in Resources */,
				A0B7DA882C35EF540023147F /* Roboto-Italic.ttf in Resources */,
				A0B7DA842C35EF540023147F /* Roboto-MediumItalic.ttf in Resources */,
				A0B7DA8C2C35EF540023147F /* Roboto-Black.ttf in Resources */,
				A0B7DA8B2C35EF540023147F /* Roboto-Thin.ttf in Resources */,
				A0B7DA812C35EF540023147F /* Roboto-Medium.ttf in Resources */,
			);
			runOnlyForDeploymentPostprocessing = 0;
		};
		A0B7D9B22C35DF710023147F /* Resources */ = {
			isa = PBXResourcesBuildPhase;
			buildActionMask = 2147483647;
			files = (
			);
			runOnlyForDeploymentPostprocessing = 0;
		};
		A0B7D9BC2C35DF710023147F /* Resources */ = {
			isa = PBXResourcesBuildPhase;
			buildActionMask = 2147483647;
			files = (
			);
			runOnlyForDeploymentPostprocessing = 0;
		};
/* End PBXResourcesBuildPhase section */

/* Begin PBXSourcesBuildPhase section */
		A0B7D99A2C35DF700023147F /* Sources */ = {
			isa = PBXSourcesBuildPhase;
			buildActionMask = 2147483647;
			files = (
				A0B7DA512C35E7EF0023147F /* URLSessionProtocol.swift in Sources */,
				A0B7DA702C35EF230023147F /* BoldedStyle.swift in Sources */,
				A0B7DA5B2C35E7EF0023147F /* HTTPDecodeBuilder.swift in Sources */,
				A0B7DA6F2C35EF230023147F /* UnderlinedStyle.swift in Sources */,
				A0B7D9EC2C35E2AE0023147F /* CellProvider.swift in Sources */,
				A0B7DA572C35E7EF0023147F /* HTTPMethod.swift in Sources */,
				A0B7DA1D2C35E4D50023147F /* Border.swift in Sources */,
				A0B7D9DD2C35E27B0023147F /* TableViewRow.swift in Sources */,
				A0B7DA6E2C35EF230023147F /* MediumStyle.swift in Sources */,
				A0B7DA292C35E4D50023147F /* UIView+Opacity.swift in Sources */,
				A0B7DA532C35E7EF0023147F /* HTTPProtocol.swift in Sources */,
				A0B7DA3C2C35E7A10023147F /* ListCoordinator.swift in Sources */,
				A0B7DA1C2C35E4D50023147F /* UIView+Border.swift in Sources */,
				A0B7DA222C35E4D50023147F /* UIColor+Hexadecimal.swift in Sources */,
				A0B7DA542C35E7EF0023147F /* ResponseResult.swift in Sources */,
				A0B7D9F92C35E3A10023147F /* ViewConfigurable.swift in Sources */,
				A0B7DA592C35E7EF0023147F /* HTTPError.swift in Sources */,
				A0B7D9F42C35E31B0023147F /* UITableView+Extensions.swift in Sources */,
				A0B7DA362C35E75E0023147F /* ViewController.swift in Sources */,
				A0B7D9DC2C35E27B0023147F /* TableView.swift in Sources */,
				A0B7DA552C35E7EF0023147F /* HeaderBuilder.swift in Sources */,
				A0B7DA6C2C35EF230023147F /* FontConvertible.swift in Sources */,
				A0B7D9E92C35E2AE0023147F /* Reusable.swift in Sources */,
				A0B7D9DE2C35E27B0023147F /* TableViewSection.swift in Sources */,
				A0B7DA3F2C35E7A10023147F /* ListService.swift in Sources */,
				A0B7DA922C35F2F80023147F /* NodesModel.swift in Sources */,
				A0B7DA5F2C35EE070023147F /* ListCell.swift in Sources */,
				A0B7DA6D2C35EF230023147F /* FontStyle.swift in Sources */,
				A0B7DA582C35E7EF0023147F /* ErrorResponseBuilder.swift in Sources */,
				A0B7D9E72C35E2AE0023147F /* Tappable.swift in Sources */,
				A0B7DA3D2C35E7A10023147F /* ListViewController.swift in Sources */,
				A0B7DA522C35E7EF0023147F /* NativeRequestType.swift in Sources */,
				A0B7DA8F2C35F0CC0023147F /* BundleToken.swift in Sources */,
				A0B7DA5A2C35E7EF0023147F /* ConnectionCheck.swift in Sources */,
				A0B7D9FB2C35E3F20023147F /* ViewRepresentable.swift in Sources */,
				A0B7DA562C35E7EF0023147F /* RequestBuilder.swift in Sources */,
				A0B7DA232C35E4D50023147F /* Color+Equatable.swift in Sources */,
				A0B7D9A22C35DF700023147F /* AppDelegate.swift in Sources */,
				A0B7D9F52C35E31B0023147F /* UITableViewCell+Extensions.swift in Sources */,
				A0B7DA212C35E4D50023147F /* UITextView+Color.swift in Sources */,
				A0B7DA272C35E4D50023147F /* UIView+Radius.swift in Sources */,
				A0B7DA242C35E4D50023147F /* Color.swift in Sources */,
				A0B7DA342C35E6460023147F /* UIApplication+Extensions.swift in Sources */,
				A0B7DA202C35E4D50023147F /* CALayer+Color.swift in Sources */,
				A0B7DA5C2C35E7EF0023147F /* HTTP.swift in Sources */,
				A0B7DA262C35E4D50023147F /* Radius.swift in Sources */,
				A0B7DA722C35EF230023147F /* Font.swift in Sources */,
				A0B7DA252C35E4D50023147F /* UILabel+Color.swift in Sources */,
				A0B7D9F62C35E31B0023147F /* UITableViewHeaderFooterView+Extensions.swift in Sources */,
				A0B7DA712C35EF230023147F /* UILabel+Extensions.swift in Sources */,
				A0B7D9E82C35E2AE0023147F /* Configurable.swift in Sources */,
				A0B7DA502C35E7EF0023147F /* URLSessionDataTeskProtocol.swift in Sources */,
				A0B7D9A42C35DF700023147F /* SceneDelegate.swift in Sources */,
				A0B7DA282C35E4D50023147F /* Opacity.swift in Sources */,
				A0B7DA622C35EEA90023147F /* Text.swift in Sources */,
				A0B7D9F32C35E31B0023147F /* UIView+Extensions.swift in Sources */,
				A0B7DA1E2C35E4D50023147F /* UIView+Color.swift in Sources */,
				A0B7DA3E2C35E7A10023147F /* ListViewModel.swift in Sources */,
			);
			runOnlyForDeploymentPostprocessing = 0;
		};
		A0B7D9B02C35DF710023147F /* Sources */ = {
			isa = PBXSourcesBuildPhase;
			buildActionMask = 2147483647;
			files = (
				A0B7D9B92C35DF710023147F /* Lightning_StudyTests.swift in Sources */,
			);
			runOnlyForDeploymentPostprocessing = 0;
		};
		A0B7D9BA2C35DF710023147F /* Sources */ = {
			isa = PBXSourcesBuildPhase;
			buildActionMask = 2147483647;
			files = (
				A0B7D9C32C35DF710023147F /* Lightning_StudyUITests.swift in Sources */,
				A0B7D9C52C35DF710023147F /* Lightning_StudyUITestsLaunchTests.swift in Sources */,
			);
			runOnlyForDeploymentPostprocessing = 0;
		};
/* End PBXSourcesBuildPhase section */

/* Begin PBXTargetDependency section */
		A0B7D9B62C35DF710023147F /* PBXTargetDependency */ = {
			isa = PBXTargetDependency;
			target = A0B7D99D2C35DF700023147F /* Lightning Study */;
			targetProxy = A0B7D9B52C35DF710023147F /* PBXContainerItemProxy */;
		};
		A0B7D9C02C35DF710023147F /* PBXTargetDependency */ = {
			isa = PBXTargetDependency;
			target = A0B7D99D2C35DF700023147F /* Lightning Study */;
			targetProxy = A0B7D9BF2C35DF710023147F /* PBXContainerItemProxy */;
		};
/* End PBXTargetDependency section */

/* Begin PBXVariantGroup section */
		A0B7D9AC2C35DF710023147F /* LaunchScreen.storyboard */ = {
			isa = PBXVariantGroup;
			children = (
				A0B7D9AD2C35DF710023147F /* Base */,
			);
			name = LaunchScreen.storyboard;
			sourceTree = "<group>";
		};
/* End PBXVariantGroup section */

/* Begin XCBuildConfiguration section */
		A0B7D9C62C35DF710023147F /* Debug */ = {
			isa = XCBuildConfiguration;
			buildSettings = {
				ALWAYS_SEARCH_USER_PATHS = NO;
				ASSETCATALOG_COMPILER_GENERATE_SWIFT_ASSET_SYMBOL_EXTENSIONS = YES;
				CLANG_ANALYZER_NONNULL = YES;
				CLANG_ANALYZER_NUMBER_OBJECT_CONVERSION = YES_AGGRESSIVE;
				CLANG_CXX_LANGUAGE_STANDARD = "gnu++20";
				CLANG_ENABLE_MODULES = YES;
				CLANG_ENABLE_OBJC_ARC = YES;
				CLANG_ENABLE_OBJC_WEAK = YES;
				CLANG_WARN_BLOCK_CAPTURE_AUTORELEASING = YES;
				CLANG_WARN_BOOL_CONVERSION = YES;
				CLANG_WARN_COMMA = YES;
				CLANG_WARN_CONSTANT_CONVERSION = YES;
				CLANG_WARN_DEPRECATED_OBJC_IMPLEMENTATIONS = YES;
				CLANG_WARN_DIRECT_OBJC_ISA_USAGE = YES_ERROR;
				CLANG_WARN_DOCUMENTATION_COMMENTS = YES;
				CLANG_WARN_EMPTY_BODY = YES;
				CLANG_WARN_ENUM_CONVERSION = YES;
				CLANG_WARN_INFINITE_RECURSION = YES;
				CLANG_WARN_INT_CONVERSION = YES;
				CLANG_WARN_NON_LITERAL_NULL_CONVERSION = YES;
				CLANG_WARN_OBJC_IMPLICIT_RETAIN_SELF = YES;
				CLANG_WARN_OBJC_LITERAL_CONVERSION = YES;
				CLANG_WARN_OBJC_ROOT_CLASS = YES_ERROR;
				CLANG_WARN_QUOTED_INCLUDE_IN_FRAMEWORK_HEADER = YES;
				CLANG_WARN_RANGE_LOOP_ANALYSIS = YES;
				CLANG_WARN_STRICT_PROTOTYPES = YES;
				CLANG_WARN_SUSPICIOUS_MOVE = YES;
				CLANG_WARN_UNGUARDED_AVAILABILITY = YES_AGGRESSIVE;
				CLANG_WARN_UNREACHABLE_CODE = YES;
				CLANG_WARN__DUPLICATE_METHOD_MATCH = YES;
				COPY_PHASE_STRIP = NO;
				DEBUG_INFORMATION_FORMAT = dwarf;
				ENABLE_STRICT_OBJC_MSGSEND = YES;
				ENABLE_TESTABILITY = YES;
				ENABLE_USER_SCRIPT_SANDBOXING = YES;
				GCC_C_LANGUAGE_STANDARD = gnu17;
				GCC_DYNAMIC_NO_PIC = NO;
				GCC_NO_COMMON_BLOCKS = YES;
				GCC_OPTIMIZATION_LEVEL = 0;
				GCC_PREPROCESSOR_DEFINITIONS = (
					"DEBUG=1",
					"$(inherited)",
				);
				GCC_WARN_64_TO_32_BIT_CONVERSION = YES;
				GCC_WARN_ABOUT_RETURN_TYPE = YES_ERROR;
				GCC_WARN_UNDECLARED_SELECTOR = YES;
				GCC_WARN_UNINITIALIZED_AUTOS = YES_AGGRESSIVE;
				GCC_WARN_UNUSED_FUNCTION = YES;
				GCC_WARN_UNUSED_VARIABLE = YES;
				IPHONEOS_DEPLOYMENT_TARGET = 17.2;
				LOCALIZATION_PREFERS_STRING_CATALOGS = YES;
				MTL_ENABLE_DEBUG_INFO = INCLUDE_SOURCE;
				MTL_FAST_MATH = YES;
				ONLY_ACTIVE_ARCH = YES;
				SDKROOT = iphoneos;
				SWIFT_ACTIVE_COMPILATION_CONDITIONS = "DEBUG $(inherited)";
				SWIFT_OPTIMIZATION_LEVEL = "-Onone";
			};
			name = Debug;
		};
		A0B7D9C72C35DF710023147F /* Release */ = {
			isa = XCBuildConfiguration;
			buildSettings = {
				ALWAYS_SEARCH_USER_PATHS = NO;
				ASSETCATALOG_COMPILER_GENERATE_SWIFT_ASSET_SYMBOL_EXTENSIONS = YES;
				CLANG_ANALYZER_NONNULL = YES;
				CLANG_ANALYZER_NUMBER_OBJECT_CONVERSION = YES_AGGRESSIVE;
				CLANG_CXX_LANGUAGE_STANDARD = "gnu++20";
				CLANG_ENABLE_MODULES = YES;
				CLANG_ENABLE_OBJC_ARC = YES;
				CLANG_ENABLE_OBJC_WEAK = YES;
				CLANG_WARN_BLOCK_CAPTURE_AUTORELEASING = YES;
				CLANG_WARN_BOOL_CONVERSION = YES;
				CLANG_WARN_COMMA = YES;
				CLANG_WARN_CONSTANT_CONVERSION = YES;
				CLANG_WARN_DEPRECATED_OBJC_IMPLEMENTATIONS = YES;
				CLANG_WARN_DIRECT_OBJC_ISA_USAGE = YES_ERROR;
				CLANG_WARN_DOCUMENTATION_COMMENTS = YES;
				CLANG_WARN_EMPTY_BODY = YES;
				CLANG_WARN_ENUM_CONVERSION = YES;
				CLANG_WARN_INFINITE_RECURSION = YES;
				CLANG_WARN_INT_CONVERSION = YES;
				CLANG_WARN_NON_LITERAL_NULL_CONVERSION = YES;
				CLANG_WARN_OBJC_IMPLICIT_RETAIN_SELF = YES;
				CLANG_WARN_OBJC_LITERAL_CONVERSION = YES;
				CLANG_WARN_OBJC_ROOT_CLASS = YES_ERROR;
				CLANG_WARN_QUOTED_INCLUDE_IN_FRAMEWORK_HEADER = YES;
				CLANG_WARN_RANGE_LOOP_ANALYSIS = YES;
				CLANG_WARN_STRICT_PROTOTYPES = YES;
				CLANG_WARN_SUSPICIOUS_MOVE = YES;
				CLANG_WARN_UNGUARDED_AVAILABILITY = YES_AGGRESSIVE;
				CLANG_WARN_UNREACHABLE_CODE = YES;
				CLANG_WARN__DUPLICATE_METHOD_MATCH = YES;
				COPY_PHASE_STRIP = NO;
				DEBUG_INFORMATION_FORMAT = "dwarf-with-dsym";
				ENABLE_NS_ASSERTIONS = NO;
				ENABLE_STRICT_OBJC_MSGSEND = YES;
				ENABLE_USER_SCRIPT_SANDBOXING = YES;
				GCC_C_LANGUAGE_STANDARD = gnu17;
				GCC_NO_COMMON_BLOCKS = YES;
				GCC_WARN_64_TO_32_BIT_CONVERSION = YES;
				GCC_WARN_ABOUT_RETURN_TYPE = YES_ERROR;
				GCC_WARN_UNDECLARED_SELECTOR = YES;
				GCC_WARN_UNINITIALIZED_AUTOS = YES_AGGRESSIVE;
				GCC_WARN_UNUSED_FUNCTION = YES;
				GCC_WARN_UNUSED_VARIABLE = YES;
				IPHONEOS_DEPLOYMENT_TARGET = 17.2;
				LOCALIZATION_PREFERS_STRING_CATALOGS = YES;
				MTL_ENABLE_DEBUG_INFO = NO;
				MTL_FAST_MATH = YES;
				SDKROOT = iphoneos;
				SWIFT_COMPILATION_MODE = wholemodule;
				VALIDATE_PRODUCT = YES;
			};
			name = Release;
		};
		A0B7D9C92C35DF710023147F /* Debug */ = {
			isa = XCBuildConfiguration;
			buildSettings = {
				ASSETCATALOG_COMPILER_APPICON_NAME = AppIcon;
				ASSETCATALOG_COMPILER_GLOBAL_ACCENT_COLOR_NAME = AccentColor;
				CODE_SIGN_STYLE = Automatic;
				CURRENT_PROJECT_VERSION = 1;
				GENERATE_INFOPLIST_FILE = YES;
				INFOPLIST_FILE = "Lightning Study/Resources/Info.plist";
				INFOPLIST_KEY_UIApplicationSupportsIndirectInputEvents = YES;
				INFOPLIST_KEY_UILaunchStoryboardName = LaunchScreen;
				INFOPLIST_KEY_UISupportedInterfaceOrientations = UIInterfaceOrientationPortrait;
				LD_RUNPATH_SEARCH_PATHS = (
					"$(inherited)",
					"@executable_path/Frameworks",
				);
				MARKETING_VERSION = 1.0;
				PRODUCT_BUNDLE_IDENTIFIER = "br.com.Bandeira.Lightning-Study";
				PRODUCT_NAME = "$(TARGET_NAME)";
				SUPPORTED_PLATFORMS = "iphoneos iphonesimulator";
				SUPPORTS_MACCATALYST = NO;
				SUPPORTS_MAC_DESIGNED_FOR_IPHONE_IPAD = NO;
				SUPPORTS_XR_DESIGNED_FOR_IPHONE_IPAD = NO;
				SWIFT_EMIT_LOC_STRINGS = YES;
				SWIFT_VERSION = 5.0;
				TARGETED_DEVICE_FAMILY = "1,2";
			};
			name = Debug;
		};
		A0B7D9CA2C35DF710023147F /* Release */ = {
			isa = XCBuildConfiguration;
			buildSettings = {
				ASSETCATALOG_COMPILER_APPICON_NAME = AppIcon;
				ASSETCATALOG_COMPILER_GLOBAL_ACCENT_COLOR_NAME = AccentColor;
				CODE_SIGN_STYLE = Automatic;
				CURRENT_PROJECT_VERSION = 1;
				GENERATE_INFOPLIST_FILE = YES;
				INFOPLIST_FILE = "Lightning Study/Resources/Info.plist";
				INFOPLIST_KEY_UIApplicationSupportsIndirectInputEvents = YES;
				INFOPLIST_KEY_UILaunchStoryboardName = LaunchScreen;
				INFOPLIST_KEY_UISupportedInterfaceOrientations = UIInterfaceOrientationPortrait;
				LD_RUNPATH_SEARCH_PATHS = (
					"$(inherited)",
					"@executable_path/Frameworks",
				);
				MARKETING_VERSION = 1.0;
				PRODUCT_BUNDLE_IDENTIFIER = "br.com.Bandeira.Lightning-Study";
				PRODUCT_NAME = "$(TARGET_NAME)";
				SUPPORTED_PLATFORMS = "iphoneos iphonesimulator";
				SUPPORTS_MACCATALYST = NO;
				SUPPORTS_MAC_DESIGNED_FOR_IPHONE_IPAD = NO;
				SUPPORTS_XR_DESIGNED_FOR_IPHONE_IPAD = NO;
				SWIFT_EMIT_LOC_STRINGS = YES;
				SWIFT_VERSION = 5.0;
				TARGETED_DEVICE_FAMILY = "1,2";
			};
			name = Release;
		};
		A0B7D9CC2C35DF710023147F /* Debug */ = {
			isa = XCBuildConfiguration;
			buildSettings = {
				ALWAYS_EMBED_SWIFT_STANDARD_LIBRARIES = YES;
				BUNDLE_LOADER = "$(TEST_HOST)";
				CODE_SIGN_STYLE = Automatic;
				CURRENT_PROJECT_VERSION = 1;
				GENERATE_INFOPLIST_FILE = YES;
				IPHONEOS_DEPLOYMENT_TARGET = 17.2;
				MARKETING_VERSION = 1.0;
				PRODUCT_BUNDLE_IDENTIFIER = "br.com.Bandeira.Lightning-StudyTests";
				PRODUCT_NAME = "$(TARGET_NAME)";
				SWIFT_EMIT_LOC_STRINGS = NO;
				SWIFT_VERSION = 5.0;
				TARGETED_DEVICE_FAMILY = "1,2";
				TEST_HOST = "$(BUILT_PRODUCTS_DIR)/Lightning Study.app/$(BUNDLE_EXECUTABLE_FOLDER_PATH)/Lightning Study";
			};
			name = Debug;
		};
		A0B7D9CD2C35DF710023147F /* Release */ = {
			isa = XCBuildConfiguration;
			buildSettings = {
				ALWAYS_EMBED_SWIFT_STANDARD_LIBRARIES = YES;
				BUNDLE_LOADER = "$(TEST_HOST)";
				CODE_SIGN_STYLE = Automatic;
				CURRENT_PROJECT_VERSION = 1;
				GENERATE_INFOPLIST_FILE = YES;
				IPHONEOS_DEPLOYMENT_TARGET = 17.2;
				MARKETING_VERSION = 1.0;
				PRODUCT_BUNDLE_IDENTIFIER = "br.com.Bandeira.Lightning-StudyTests";
				PRODUCT_NAME = "$(TARGET_NAME)";
				SWIFT_EMIT_LOC_STRINGS = NO;
				SWIFT_VERSION = 5.0;
				TARGETED_DEVICE_FAMILY = "1,2";
				TEST_HOST = "$(BUILT_PRODUCTS_DIR)/Lightning Study.app/$(BUNDLE_EXECUTABLE_FOLDER_PATH)/Lightning Study";
			};
			name = Release;
		};
		A0B7D9CF2C35DF710023147F /* Debug */ = {
			isa = XCBuildConfiguration;
			buildSettings = {
				ALWAYS_EMBED_SWIFT_STANDARD_LIBRARIES = YES;
				CODE_SIGN_STYLE = Automatic;
				CURRENT_PROJECT_VERSION = 1;
				GENERATE_INFOPLIST_FILE = YES;
				MARKETING_VERSION = 1.0;
				PRODUCT_BUNDLE_IDENTIFIER = "br.com.Bandeira.Lightning-StudyUITests";
				PRODUCT_NAME = "$(TARGET_NAME)";
				SWIFT_EMIT_LOC_STRINGS = NO;
				SWIFT_VERSION = 5.0;
				TARGETED_DEVICE_FAMILY = "1,2";
				TEST_TARGET_NAME = "Lightning Study";
			};
			name = Debug;
		};
		A0B7D9D02C35DF710023147F /* Release */ = {
			isa = XCBuildConfiguration;
			buildSettings = {
				ALWAYS_EMBED_SWIFT_STANDARD_LIBRARIES = YES;
				CODE_SIGN_STYLE = Automatic;
				CURRENT_PROJECT_VERSION = 1;
				GENERATE_INFOPLIST_FILE = YES;
				MARKETING_VERSION = 1.0;
				PRODUCT_BUNDLE_IDENTIFIER = "br.com.Bandeira.Lightning-StudyUITests";
				PRODUCT_NAME = "$(TARGET_NAME)";
				SWIFT_EMIT_LOC_STRINGS = NO;
				SWIFT_VERSION = 5.0;
				TARGETED_DEVICE_FAMILY = "1,2";
				TEST_TARGET_NAME = "Lightning Study";
			};
			name = Release;
		};
/* End XCBuildConfiguration section */

/* Begin XCConfigurationList section */
		A0B7D9992C35DF700023147F /* Build configuration list for PBXProject "Lightning Study" */ = {
			isa = XCConfigurationList;
			buildConfigurations = (
				A0B7D9C62C35DF710023147F /* Debug */,
				A0B7D9C72C35DF710023147F /* Release */,
			);
			defaultConfigurationIsVisible = 0;
			defaultConfigurationName = Release;
		};
		A0B7D9C82C35DF710023147F /* Build configuration list for PBXNativeTarget "Lightning Study" */ = {
			isa = XCConfigurationList;
			buildConfigurations = (
				A0B7D9C92C35DF710023147F /* Debug */,
				A0B7D9CA2C35DF710023147F /* Release */,
			);
			defaultConfigurationIsVisible = 0;
			defaultConfigurationName = Release;
		};
		A0B7D9CB2C35DF710023147F /* Build configuration list for PBXNativeTarget "Lightning StudyTests" */ = {
			isa = XCConfigurationList;
			buildConfigurations = (
				A0B7D9CC2C35DF710023147F /* Debug */,
				A0B7D9CD2C35DF710023147F /* Release */,
			);
			defaultConfigurationIsVisible = 0;
			defaultConfigurationName = Release;
		};
		A0B7D9CE2C35DF710023147F /* Build configuration list for PBXNativeTarget "Lightning StudyUITests" */ = {
			isa = XCConfigurationList;
			buildConfigurations = (
				A0B7D9CF2C35DF710023147F /* Debug */,
				A0B7D9D02C35DF710023147F /* Release */,
			);
			defaultConfigurationIsVisible = 0;
			defaultConfigurationName = Release;
		};
/* End XCConfigurationList section */
	};
	rootObject = A0B7D9962C35DF700023147F /* Project object */;
}
